
Microsoft Visual Studio Solution File, Format Version 12.00
# Visual Studio 14
VisualStudioVersion = 14.0.25420.1
MinimumVisualStudioVersion = 10.0.40219.1
Project("{2150E333-8FDC-42A3-9474-1A3956D46DE8}") = "Engine", "Engine", "{CF28341F-C528-4266-BBF4-1CA753E3E45C}"
EndProject
Project("{2150E333-8FDC-42A3-9474-1A3956D46DE8}") = "Games", "Games", "{AB5465A6-FA80-4FDA-8A61-44604DBEEAC2}"
EndProject
Project("{8BC9CEB8-8B4A-11D0-8D11-00A0C91BC942}") = "UE4", "Intermediate\ProjectFiles\UE4.vcxproj", "{B1DFD9C8-19A9-4599-AD59-3249D9EF7621}"
EndProject
Project("{8BC9CEB8-8B4A-11D0-8D11-00A0C91BC942}") = "DungeonEscape", "Intermediate\ProjectFiles\DungeonEscape.vcxproj", "{690492B5-FE2A-44B5-A04D-325CEA89AD49}"
EndProject
Global
	GlobalSection(SolutionConfigurationPlatforms) = preSolution
		DebugGame Editor|HTML5 = DebugGame Editor|HTML5
		DebugGame Editor|Win32 = DebugGame Editor|Win32
		DebugGame Editor|Win64 = DebugGame Editor|Win64
		DebugGame|HTML5 = DebugGame|HTML5
		DebugGame|Win32 = DebugGame|Win32
		DebugGame|Win64 = DebugGame|Win64
		Development Editor|HTML5 = Development Editor|HTML5
		Development Editor|Win32 = Development Editor|Win32
		Development Editor|Win64 = Development Editor|Win64
		Development|HTML5 = Development|HTML5
		Development|Win32 = Development|Win32
		Development|Win64 = Development|Win64
		Shipping|HTML5 = Shipping|HTML5
		Shipping|Win32 = Shipping|Win32
		Shipping|Win64 = Shipping|Win64
	EndGlobalSection
	GlobalSection(ProjectConfigurationPlatforms) = postSolution
		{B1DFD9C8-19A9-4599-AD59-3249D9EF7621}.DebugGame Editor|HTML5.ActiveCfg = BuiltWithUnrealBuildTool|Win32
		{B1DFD9C8-19A9-4599-AD59-3249D9EF7621}.DebugGame Editor|HTML5.Build.0 = BuiltWithUnrealBuildTool|Win32
		{B1DFD9C8-19A9-4599-AD59-3249D9EF7621}.DebugGame Editor|Win32.ActiveCfg = BuiltWithUnrealBuildTool|Win32
		{B1DFD9C8-19A9-4599-AD59-3249D9EF7621}.DebugGame Editor|Win32.Build.0 = BuiltWithUnrealBuildTool|Win32
		{B1DFD9C8-19A9-4599-AD59-3249D9EF7621}.DebugGame Editor|Win64.ActiveCfg = BuiltWithUnrealBuildTool|Win32
		{B1DFD9C8-19A9-4599-AD59-3249D9EF7621}.DebugGame Editor|Win64.Build.0 = BuiltWithUnrealBuildTool|Win32
		{B1DFD9C8-19A9-4599-AD59-3249D9EF7621}.DebugGame|HTML5.ActiveCfg = BuiltWithUnrealBuildTool|Win32
		{B1DFD9C8-19A9-4599-AD59-3249D9EF7621}.DebugGame|HTML5.Build.0 = BuiltWithUnrealBuildTool|Win32
		{B1DFD9C8-19A9-4599-AD59-3249D9EF7621}.DebugGame|Win32.ActiveCfg = BuiltWithUnrealBuildTool|Win32
		{B1DFD9C8-19A9-4599-AD59-3249D9EF7621}.DebugGame|Win32.Build.0 = BuiltWithUnrealBuildTool|Win32
		{B1DFD9C8-19A9-4599-AD59-3249D9EF7621}.DebugGame|Win64.ActiveCfg = BuiltWithUnrealBuildTool|Win32
		{B1DFD9C8-19A9-4599-AD59-3249D9EF7621}.DebugGame|Win64.Build.0 = BuiltWithUnrealBuildTool|Win32
		{B1DFD9C8-19A9-4599-AD59-3249D9EF7621}.Development Editor|HTML5.ActiveCfg = BuiltWithUnrealBuildTool|Win32
		{B1DFD9C8-19A9-4599-AD59-3249D9EF7621}.Development Editor|HTML5.Build.0 = BuiltWithUnrealBuildTool|Win32
		{B1DFD9C8-19A9-4599-AD59-3249D9EF7621}.Development Editor|Win32.ActiveCfg = BuiltWithUnrealBuildTool|Win32
		{B1DFD9C8-19A9-4599-AD59-3249D9EF7621}.Development Editor|Win32.Build.0 = BuiltWithUnrealBuildTool|Win32
		{B1DFD9C8-19A9-4599-AD59-3249D9EF7621}.Development Editor|Win64.ActiveCfg = BuiltWithUnrealBuildTool|Win32
		{B1DFD9C8-19A9-4599-AD59-3249D9EF7621}.Development Editor|Win64.Build.0 = BuiltWithUnrealBuildTool|Win32
		{B1DFD9C8-19A9-4599-AD59-3249D9EF7621}.Development|HTML5.ActiveCfg = BuiltWithUnrealBuildTool|Win32
		{B1DFD9C8-19A9-4599-AD59-3249D9EF7621}.Development|HTML5.Build.0 = BuiltWithUnrealBuildTool|Win32
		{B1DFD9C8-19A9-4599-AD59-3249D9EF7621}.Development|Win32.ActiveCfg = BuiltWithUnrealBuildTool|Win32
		{B1DFD9C8-19A9-4599-AD59-3249D9EF7621}.Development|Win32.Build.0 = BuiltWithUnrealBuildTool|Win32
		{B1DFD9C8-19A9-4599-AD59-3249D9EF7621}.Development|Win64.ActiveCfg = BuiltWithUnrealBuildTool|Win32
		{B1DFD9C8-19A9-4599-AD59-3249D9EF7621}.Development|Win64.Build.0 = BuiltWithUnrealBuildTool|Win32
		{B1DFD9C8-19A9-4599-AD59-3249D9EF7621}.Shipping|HTML5.ActiveCfg = BuiltWithUnrealBuildTool|Win32
		{B1DFD9C8-19A9-4599-AD59-3249D9EF7621}.Shipping|HTML5.Build.0 = BuiltWithUnrealBuildTool|Win32
		{B1DFD9C8-19A9-4599-AD59-3249D9EF7621}.Shipping|Win32.ActiveCfg = BuiltWithUnrealBuildTool|Win32
		{B1DFD9C8-19A9-4599-AD59-3249D9EF7621}.Shipping|Win32.Build.0 = BuiltWithUnrealBuildTool|Win32
		{B1DFD9C8-19A9-4599-AD59-3249D9EF7621}.Shipping|Win64.ActiveCfg = BuiltWithUnrealBuildTool|Win32
		{B1DFD9C8-19A9-4599-AD59-3249D9EF7621}.Shipping|Win64.Build.0 = BuiltWithUnrealBuildTool|Win32
		{690492B5-FE2A-44B5-A04D-325CEA89AD49}.DebugGame Editor|HTML5.ActiveCfg = HTML5_DebugGame_Editor|Win32
		{690492B5-FE2A-44B5-A04D-325CEA89AD49}.DebugGame Editor|Win32.ActiveCfg = DebugGame_Editor|Win32
		{690492B5-FE2A-44B5-A04D-325CEA89AD49}.DebugGame Editor|Win64.ActiveCfg = DebugGame_Editor|x64
		{690492B5-FE2A-44B5-A04D-325CEA89AD49}.DebugGame Editor|Win64.Build.0 = DebugGame_Editor|x64
		{690492B5-FE2A-44B5-A04D-325CEA89AD49}.DebugGame|HTML5.ActiveCfg = HTML5_DebugGame_Game|Win32
		{690492B5-FE2A-44B5-A04D-325CEA89AD49}.DebugGame|HTML5.Build.0 = HTML5_DebugGame_Game|Win32
		{690492B5-FE2A-44B5-A04D-325CEA89AD49}.DebugGame|Win32.ActiveCfg = DebugGame_Game|Win32
		{690492B5-FE2A-44B5-A04D-325CEA89AD49}.DebugGame|Win32.Build.0 = DebugGame_Game|Win32
		{690492B5-FE2A-44B5-A04D-325CEA89AD49}.DebugGame|Win64.ActiveCfg = DebugGame_Game|x64
		{690492B5-FE2A-44B5-A04D-325CEA89AD49}.DebugGame|Win64.Build.0 = DebugGame_Game|x64
		{690492B5-FE2A-44B5-A04D-325CEA89AD49}.Development Editor|HTML5.ActiveCfg = HTML5_Development_Editor|Win32
		{690492B5-FE2A-44B5-A04D-325CEA89AD49}.Development Editor|Win32.ActiveCfg = Development_Editor|Win32
		{690492B5-FE2A-44B5-A04D-325CEA89AD49}.Development Editor|Win64.ActiveCfg = Development_Editor|x64
		{690492B5-FE2A-44B5-A04D-325CEA89AD49}.Development Editor|Win64.Build.0 = Development_Editor|x64
		{690492B5-FE2A-44B5-A04D-325CEA89AD49}.Development|HTML5.ActiveCfg = HTML5_Development_Game|Win32
		{690492B5-FE2A-44B5-A04D-325CEA89AD49}.Development|HTML5.Build.0 = HTML5_Development_Game|Win32
		{690492B5-FE2A-44B5-A04D-325CEA89AD49}.Development|Win32.ActiveCfg = Development_Game|Win32
		{690492B5-FE2A-44B5-A04D-325CEA89AD49}.Development|Win32.Build.0 = Development_Game|Win32
		{690492B5-FE2A-44B5-A04D-325CEA89AD49}.Development|Win64.ActiveCfg = Development_Game|x64
		{690492B5-FE2A-44B5-A04D-325CEA89AD49}.Development|Win64.Build.0 = Development_Game|x64
		{690492B5-FE2A-44B5-A04D-325CEA89AD49}.Shipping|HTML5.ActiveCfg = HTML5_Shipping_Game|Win32
		{690492B5-FE2A-44B5-A04D-325CEA89AD49}.Shipping|HTML5.Build.0 = HTML5_Shipping_Game|Win32
		{690492B5-FE2A-44B5-A04D-325CEA89AD49}.Shipping|Win32.ActiveCfg = Shipping_Game|Win32
		{690492B5-FE2A-44B5-A04D-325CEA89AD49}.Shipping|Win32.Build.0 = Shipping_Game|Win32
		{690492B5-FE2A-44B5-A04D-325CEA89AD49}.Shipping|Win64.ActiveCfg = Shipping_Game|x64
		{690492B5-FE2A-44B5-A04D-325CEA89AD49}.Shipping|Win64.Build.0 = Shipping_Game|x64
	EndGlobalSection
	GlobalSection(SolutionProperties) = preSolution
		HideSolutionNode = FALSE
	EndGlobalSection
	GlobalSection(NestedProjects) = preSolution
		{B1DFD9C8-19A9-4599-AD59-3249D9EF7621} = {CF28341F-C528-4266-BBF4-1CA753E3E45C}
		{690492B5-FE2A-44B5-A04D-325CEA89AD49} = {AB5465A6-FA80-4FDA-8A61-44604DBEEAC2}
	EndGlobalSection
EndGlobal
